{
  "name": "pizza-delivery-tracker-backend",
  "version": "0.1.0",
  "lockfileVersion": 3,
  "requires": true,
  "packages": {
    "": {
      "name": "pizza-delivery-tracker-backend",
      "version": "0.1.0",
      "dependencies": {
        "@aws-cdk/aws-apprunner": "^1.182.0",
        "@aws-cdk/aws-dynamodb": "^1.182.0",
        "@aws-cdk/aws-ecr-assets": "^1.182.0",
        "@aws-cdk/aws-location": "^1.182.0",
        "@aws-cdk/core": "^1.182.0",
        "constructs": "^10.0.0",
        "path": "^0.12.7"
      }
    },
    "node_modules/@aws-cdk/assets": {
      "version": "1.203.0",
      "resolved": "https://registry.npmjs.org/@aws-cdk/assets/-/assets-1.203.0.tgz",
      "integrity": "sha512-aEexr1PEZPqTcBXiKLwmiWYtpoC6vPpsGAqe39U6lovXP675qO6/VTpE26AUtS0sDkuhCBnXDQR5H49e0+A+jQ==",
      "license": "Apache-2.0",
      "dependencies": {
        "@aws-cdk/core": "1.203.0",
        "@aws-cdk/cx-api": "1.203.0",
        "constructs": "^3.3.69"
      },
      "engines": {
        "node": ">= 14.15.0"
      },
      "peerDependencies": {
        "@aws-cdk/core": "1.203.0",
        "@aws-cdk/cx-api": "1.203.0",
        "constructs": "^3.3.69"
      }
    },
    "node_modules/@aws-cdk/assets/node_modules/constructs": {
      "version": "3.4.344",
      "resolved": "https://registry.npmjs.org/constructs/-/constructs-3.4.344.tgz",
      "integrity": "sha512-Qq3upn44oGdvgasHUKWVFsrynyYrtVRd9fd8ko9cJOrFzx9eCm3iI4bhBryQqaISdausbTYUOXmoEe/YSJ16Nw==",
      "license": "Apache-2.0",
      "engines": {
        "node": ">= 16.14.0"
      }
    },
    "node_modules/@aws-cdk/aws-applicationautoscaling": {
      "version": "1.203.0",
      "resolved": "https://registry.npmjs.org/@aws-cdk/aws-applicationautoscaling/-/aws-applicationautoscaling-1.203.0.tgz",
      "integrity": "sha512-tz/BzZ++hd+T5s4AQo4l7fKaK6+xeGEbR7fGulgz8xByW5V46/krXvpTWVvM7VV2WSigVx1QeS9vcT3MOdsYBQ==",
      "license": "Apache-2.0",
      "dependencies": {
        "@aws-cdk/aws-autoscaling-common": "1.203.0",
        "@aws-cdk/aws-cloudwatch": "1.203.0",
        "@aws-cdk/aws-iam": "1.203.0",
        "@aws-cdk/core": "1.203.0",
        "constructs": "^3.3.69"
      },
      "engines": {
        "node": ">= 14.15.0"
      },
      "peerDependencies": {
        "@aws-cdk/aws-autoscaling-common": "1.203.0",
        "@aws-cdk/aws-cloudwatch": "1.203.0",
        "@aws-cdk/aws-iam": "1.203.0",
        "@aws-cdk/core": "1.203.0",
        "constructs": "^3.3.69"
      }
    },
    "node_modules/@aws-cdk/aws-applicationautoscaling/node_modules/constructs": {
      "version": "3.4.344",
      "resolved": "https://registry.npmjs.org/constructs/-/constructs-3.4.344.tgz",
      "integrity": "sha512-Qq3upn44oGdvgasHUKWVFsrynyYrtVRd9fd8ko9cJOrFzx9eCm3iI4bhBryQqaISdausbTYUOXmoEe/YSJ16Nw==",
      "license": "Apache-2.0",
      "engines": {
        "node": ">= 16.14.0"
      }
    },
    "node_modules/@aws-cdk/aws-apprunner": {
      "version": "1.203.0",
      "resolved": "https://registry.npmjs.org/@aws-cdk/aws-apprunner/-/aws-apprunner-1.203.0.tgz",
      "integrity": "sha512-HzcNMf07sBNUYNg4Nx2O2g2gUfF8/T2ay+y8SDGn5pTCNEDK/4WyRm/RCUZ03CvgVGTdOWE34lA7R99WTKtLPA==",
      "license": "Apache-2.0",
      "dependencies": {
        "@aws-cdk/aws-ec2": "1.203.0",
        "@aws-cdk/aws-ecr": "1.203.0",
        "@aws-cdk/aws-ecr-assets": "1.203.0",
        "@aws-cdk/aws-iam": "1.203.0",
        "@aws-cdk/core": "1.203.0",
        "constructs": "^3.3.69"
      },
      "engines": {
        "node": ">= 14.15.0"
      },
      "peerDependencies": {
        "@aws-cdk/aws-ec2": "1.203.0",
        "@aws-cdk/aws-ecr": "1.203.0",
        "@aws-cdk/aws-ecr-assets": "1.203.0",
        "@aws-cdk/aws-iam": "1.203.0",
        "@aws-cdk/core": "1.203.0",
        "constructs": "^3.3.69"
      }
    },
    "node_modules/@aws-cdk/aws-apprunner/node_modules/constructs": {
      "version": "3.4.344",
      "resolved": "https://registry.npmjs.org/constructs/-/constructs-3.4.344.tgz",
      "integrity": "sha512-Qq3upn44oGdvgasHUKWVFsrynyYrtVRd9fd8ko9cJOrFzx9eCm3iI4bhBryQqaISdausbTYUOXmoEe/YSJ16Nw==",
      "license": "Apache-2.0",
      "engines": {
        "node": ">= 16.14.0"
      }
    },
    "node_modules/@aws-cdk/aws-autoscaling-common": {
      "version": "1.203.0",
      "resolved": "https://registry.npmjs.org/@aws-cdk/aws-autoscaling-common/-/aws-autoscaling-common-1.203.0.tgz",
      "integrity": "sha512-ET3whArynAzRMxrnlkgAdWWzdaRg2QJWcepjSr615pwF0cOFjTW2scpPWIpcaugN2z+wFPlylP5zloA16FM0Tg==",
      "license": "Apache-2.0",
      "dependencies": {
        "@aws-cdk/aws-iam": "1.203.0",
        "@aws-cdk/core": "1.203.0",
        "constructs": "^3.3.69"
      },
      "engines": {
        "node": ">= 14.15.0"
      },
      "peerDependencies": {
        "@aws-cdk/aws-iam": "1.203.0",
        "@aws-cdk/core": "1.203.0",
        "constructs": "^3.3.69"
      }
    },
    "node_modules/@aws-cdk/aws-autoscaling-common/node_modules/constructs": {
      "version": "3.4.344",
      "resolved": "https://registry.npmjs.org/constructs/-/constructs-3.4.344.tgz",
      "integrity": "sha512-Qq3upn44oGdvgasHUKWVFsrynyYrtVRd9fd8ko9cJOrFzx9eCm3iI4bhBryQqaISdausbTYUOXmoEe/YSJ16Nw==",
      "license": "Apache-2.0",
      "engines": {
        "node": ">= 16.14.0"
      }
    },
    "node_modules/@aws-cdk/aws-cloudformation": {
      "version": "1.203.0",
      "resolved": "https://registry.npmjs.org/@aws-cdk/aws-cloudformation/-/aws-cloudformation-1.203.0.tgz",
      "integrity": "sha512-vwNrk5KT0TgIKy+hinjWu/CBEet394mK8o2eFzQG5G82An0O3n/ILdaBrXZut0tyHxJSYQ90+Zaor6Ndld49jA==",
      "license": "Apache-2.0",
      "dependencies": {
        "@aws-cdk/aws-iam": "1.203.0",
        "@aws-cdk/aws-lambda": "1.203.0",
        "@aws-cdk/aws-s3": "1.203.0",
        "@aws-cdk/aws-sns": "1.203.0",
        "@aws-cdk/core": "1.203.0",
        "@aws-cdk/cx-api": "1.203.0",
        "constructs": "^3.3.69"
      },
      "engines": {
        "node": ">= 14.15.0"
      },
      "peerDependencies": {
        "@aws-cdk/aws-iam": "1.203.0",
        "@aws-cdk/aws-lambda": "1.203.0",
        "@aws-cdk/aws-s3": "1.203.0",
        "@aws-cdk/aws-sns": "1.203.0",
        "@aws-cdk/core": "1.203.0",
        "@aws-cdk/cx-api": "1.203.0",
        "constructs": "^3.3.69"
      }
    },
    "node_modules/@aws-cdk/aws-cloudformation/node_modules/constructs": {
      "version": "3.4.344",
      "resolved": "https://registry.npmjs.org/constructs/-/constructs-3.4.344.tgz",
      "integrity": "sha512-Qq3upn44oGdvgasHUKWVFsrynyYrtVRd9fd8ko9cJOrFzx9eCm3iI4bhBryQqaISdausbTYUOXmoEe/YSJ16Nw==",
      "license": "Apache-2.0",
      "engines": {
        "node": ">= 16.14.0"
      }
    },
    "node_modules/@aws-cdk/aws-cloudwatch": {
      "version": "1.203.0",
      "resolved": "https://registry.npmjs.org/@aws-cdk/aws-cloudwatch/-/aws-cloudwatch-1.203.0.tgz",
      "integrity": "sha512-RJfUHAtCPefcgWlH6Nqcv0f1svPfxbESUC52tK6yKqhmzo+57ePLkONsn88x22TuWo/hXOpjxYqrUECr0S5YqA==",
      "license": "Apache-2.0",
      "dependencies": {
        "@aws-cdk/aws-iam": "1.203.0",
        "@aws-cdk/core": "1.203.0",
        "constructs": "^3.3.69"
      },
      "engines": {
        "node": ">= 14.15.0"
      },
      "peerDependencies": {
        "@aws-cdk/aws-iam": "1.203.0",
        "@aws-cdk/core": "1.203.0",
        "constructs": "^3.3.69"
      }
    },
    "node_modules/@aws-cdk/aws-cloudwatch/node_modules/constructs": {
      "version": "3.4.344",
      "resolved": "https://registry.npmjs.org/constructs/-/constructs-3.4.344.tgz",
      "integrity": "sha512-Qq3upn44oGdvgasHUKWVFsrynyYrtVRd9fd8ko9cJOrFzx9eCm3iI4bhBryQqaISdausbTYUOXmoEe/YSJ16Nw==",
      "license": "Apache-2.0",
      "engines": {
        "node": ">= 16.14.0"
      }
    },
    "node_modules/@aws-cdk/aws-codeguruprofiler": {
      "version": "1.203.0",
      "resolved": "https://registry.npmjs.org/@aws-cdk/aws-codeguruprofiler/-/aws-codeguruprofiler-1.203.0.tgz",
      "integrity": "sha512-Tl9DGRY/BN615J8H4SUQxQ0Zb2TzkaBYHFx4F1lt4NYdWHYh6oALxLEBSkXD5txPvvtH4MouDENuqMBV/fZI3w==",
      "license": "Apache-2.0",
      "dependencies": {
        "@aws-cdk/aws-iam": "1.203.0",
        "@aws-cdk/core": "1.203.0",
        "constructs": "^3.3.69"
      },
      "engines": {
        "node": ">= 14.15.0"
      },
      "peerDependencies": {
        "@aws-cdk/aws-iam": "1.203.0",
        "@aws-cdk/core": "1.203.0",
        "constructs": "^3.3.69"
      }
    },
    "node_modules/@aws-cdk/aws-codeguruprofiler/node_modules/constructs": {
      "version": "3.4.344",
      "resolved": "https://registry.npmjs.org/constructs/-/constructs-3.4.344.tgz",
      "integrity": "sha512-Qq3upn44oGdvgasHUKWVFsrynyYrtVRd9fd8ko9cJOrFzx9eCm3iI4bhBryQqaISdausbTYUOXmoEe/YSJ16Nw==",
      "license": "Apache-2.0",
      "engines": {
        "node": ">= 16.14.0"
      }
    },
    "node_modules/@aws-cdk/aws-codestarnotifications": {
      "version": "1.203.0",
      "resolved": "https://registry.npmjs.org/@aws-cdk/aws-codestarnotifications/-/aws-codestarnotifications-1.203.0.tgz",
      "integrity": "sha512-Qd3iJiFx5Nt+rZRNnmMUmknNetq4069pUhOTv0NTxB+ZmWQ1leQ4iSrhQ5YOANWBK0+EtPMz9YBjKjE4zBPf+Q==",
      "license": "Apache-2.0",
      "dependencies": {
        "@aws-cdk/core": "1.203.0",
        "constructs": "^3.3.69"
      },
      "engines": {
        "node": ">= 14.15.0"
      },
      "peerDependencies": {
        "@aws-cdk/core": "1.203.0",
        "constructs": "^3.3.69"
      }
    },
    "node_modules/@aws-cdk/aws-codestarnotifications/node_modules/constructs": {
      "version": "3.4.344",
      "resolved": "https://registry.npmjs.org/constructs/-/constructs-3.4.344.tgz",
      "integrity": "sha512-Qq3upn44oGdvgasHUKWVFsrynyYrtVRd9fd8ko9cJOrFzx9eCm3iI4bhBryQqaISdausbTYUOXmoEe/YSJ16Nw==",
      "license": "Apache-2.0",
      "engines": {
        "node": ">= 16.14.0"
      }
    },
    "node_modules/@aws-cdk/aws-dynamodb": {
      "version": "1.203.0",
      "resolved": "https://registry.npmjs.org/@aws-cdk/aws-dynamodb/-/aws-dynamodb-1.203.0.tgz",
      "integrity": "sha512-MOSFsy91Dz+ML2P5PzCzmmYLgdS5NBTRy3cmcTt9h9hBbm9V9Z01mubVKKRjOYJI4yGf8SG+GSxEpSi/25Wc6Q==",
      "license": "Apache-2.0",
      "dependencies": {
        "@aws-cdk/aws-applicationautoscaling": "1.203.0",
        "@aws-cdk/aws-cloudwatch": "1.203.0",
        "@aws-cdk/aws-iam": "1.203.0",
        "@aws-cdk/aws-kinesis": "1.203.0",
        "@aws-cdk/aws-kms": "1.203.0",
        "@aws-cdk/aws-lambda": "1.203.0",
        "@aws-cdk/core": "1.203.0",
        "@aws-cdk/custom-resources": "1.203.0",
        "constructs": "^3.3.69"
      },
      "engines": {
        "node": ">= 14.15.0"
      },
      "peerDependencies": {
        "@aws-cdk/aws-applicationautoscaling": "1.203.0",
        "@aws-cdk/aws-cloudwatch": "1.203.0",
        "@aws-cdk/aws-iam": "1.203.0",
        "@aws-cdk/aws-kinesis": "1.203.0",
        "@aws-cdk/aws-kms": "1.203.0",
        "@aws-cdk/aws-lambda": "1.203.0",
        "@aws-cdk/core": "1.203.0",
        "@aws-cdk/custom-resources": "1.203.0",
        "constructs": "^3.3.69"
      }
    },
    "node_modules/@aws-cdk/aws-dynamodb/node_modules/constructs": {
      "version": "3.4.344",
      "resolved": "https://registry.npmjs.org/constructs/-/constructs-3.4.344.tgz",
      "integrity": "sha512-Qq3upn44oGdvgasHUKWVFsrynyYrtVRd9fd8ko9cJOrFzx9eCm3iI4bhBryQqaISdausbTYUOXmoEe/YSJ16Nw==",
      "license": "Apache-2.0",
      "engines": {
        "node": ">= 16.14.0"
      }
    },
    "node_modules/@aws-cdk/aws-ec2": {
      "version": "1.203.0",
      "resolved": "https://registry.npmjs.org/@aws-cdk/aws-ec2/-/aws-ec2-1.203.0.tgz",
      "integrity": "sha512-6Q/kvAKsprESeGCYMYS9KiChDyhzMk6NerSreVD83UbcvUJU9EjGUJF+HJfRQXn66YjdOsXKcm89Ni31ftP5PQ==",
      "license": "Apache-2.0",
      "dependencies": {
        "@aws-cdk/aws-cloudwatch": "1.203.0",
        "@aws-cdk/aws-iam": "1.203.0",
        "@aws-cdk/aws-kms": "1.203.0",
        "@aws-cdk/aws-logs": "1.203.0",
        "@aws-cdk/aws-s3": "1.203.0",
        "@aws-cdk/aws-s3-assets": "1.203.0",
        "@aws-cdk/aws-ssm": "1.203.0",
        "@aws-cdk/cloud-assembly-schema": "1.203.0",
        "@aws-cdk/core": "1.203.0",
        "@aws-cdk/cx-api": "1.203.0",
        "@aws-cdk/region-info": "1.203.0",
        "constructs": "^3.3.69"
      },
      "engines": {
        "node": ">= 14.15.0"
      },
      "peerDependencies": {
        "@aws-cdk/aws-cloudwatch": "1.203.0",
        "@aws-cdk/aws-iam": "1.203.0",
        "@aws-cdk/aws-kms": "1.203.0",
        "@aws-cdk/aws-logs": "1.203.0",
        "@aws-cdk/aws-s3": "1.203.0",
        "@aws-cdk/aws-s3-assets": "1.203.0",
        "@aws-cdk/aws-ssm": "1.203.0",
        "@aws-cdk/cloud-assembly-schema": "1.203.0",
        "@aws-cdk/core": "1.203.0",
        "@aws-cdk/cx-api": "1.203.0",
        "@aws-cdk/region-info": "1.203.0",
        "constructs": "^3.3.69"
      }
    },
    "node_modules/@aws-cdk/aws-ec2/node_modules/constructs": {
      "version": "3.4.344",
      "resolved": "https://registry.npmjs.org/constructs/-/constructs-3.4.344.tgz",
      "integrity": "sha512-Qq3upn44oGdvgasHUKWVFsrynyYrtVRd9fd8ko9cJOrFzx9eCm3iI4bhBryQqaISdausbTYUOXmoEe/YSJ16Nw==",
      "license": "Apache-2.0",
      "engines": {
        "node": ">= 16.14.0"
      }
    },
    "node_modules/@aws-cdk/aws-ecr": {
      "version": "1.203.0",
      "resolved": "https://registry.npmjs.org/@aws-cdk/aws-ecr/-/aws-ecr-1.203.0.tgz",
      "integrity": "sha512-pMijGTZzncb10zJLuqDzFtHpVxpK2dQdD/1Md7FYF1Mm7/r2CFx4Q2H3f1fOi4sBXk3ftypV8X7HFzIrWPwCSg==",
      "license": "Apache-2.0",
      "dependencies": {
        "@aws-cdk/aws-events": "1.203.0",
        "@aws-cdk/aws-iam": "1.203.0",
        "@aws-cdk/aws-kms": "1.203.0",
        "@aws-cdk/core": "1.203.0",
        "constructs": "^3.3.69"
      },
      "engines": {
        "node": ">= 14.15.0"
      },
      "peerDependencies": {
        "@aws-cdk/aws-events": "1.203.0",
        "@aws-cdk/aws-iam": "1.203.0",
        "@aws-cdk/aws-kms": "1.203.0",
        "@aws-cdk/core": "1.203.0",
        "constructs": "^3.3.69"
      }
    },
    "node_modules/@aws-cdk/aws-ecr-assets": {
      "version": "1.203.0",
      "resolved": "https://registry.npmjs.org/@aws-cdk/aws-ecr-assets/-/aws-ecr-assets-1.203.0.tgz",
      "integrity": "sha512-wPAjllyLs+TvdakhwATjIyc5mBuNJFurPM2S1mo7YC4fURp2NOb9vHpIFgV9ZC+r8xadBFWt13de72cyl+h2iw==",
      "license": "Apache-2.0",
      "dependencies": {
        "@aws-cdk/assets": "1.203.0",
        "@aws-cdk/aws-ecr": "1.203.0",
        "@aws-cdk/aws-iam": "1.203.0",
        "@aws-cdk/aws-s3": "1.203.0",
        "@aws-cdk/core": "1.203.0",
        "@aws-cdk/cx-api": "1.203.0",
        "constructs": "^3.3.69"
      },
      "engines": {
        "node": ">= 14.15.0"
      },
      "peerDependencies": {
        "@aws-cdk/assets": "1.203.0",
        "@aws-cdk/aws-ecr": "1.203.0",
        "@aws-cdk/aws-iam": "1.203.0",
        "@aws-cdk/aws-s3": "1.203.0",
        "@aws-cdk/core": "1.203.0",
        "@aws-cdk/cx-api": "1.203.0",
        "constructs": "^3.3.69"
      }
    },
    "node_modules/@aws-cdk/aws-ecr-assets/node_modules/constructs": {
      "version": "3.4.344",
      "resolved": "https://registry.npmjs.org/constructs/-/constructs-3.4.344.tgz",
      "integrity": "sha512-Qq3upn44oGdvgasHUKWVFsrynyYrtVRd9fd8ko9cJOrFzx9eCm3iI4bhBryQqaISdausbTYUOXmoEe/YSJ16Nw==",
      "license": "Apache-2.0",
      "engines": {
        "node": ">= 16.14.0"
      }
    },
    "node_modules/@aws-cdk/aws-ecr/node_modules/constructs": {
      "version": "3.4.344",
      "resolved": "https://registry.npmjs.org/constructs/-/constructs-3.4.344.tgz",
      "integrity": "sha512-Qq3upn44oGdvgasHUKWVFsrynyYrtVRd9fd8ko9cJOrFzx9eCm3iI4bhBryQqaISdausbTYUOXmoEe/YSJ16Nw==",
      "license": "Apache-2.0",
      "engines": {
        "node": ">= 16.14.0"
      }
    },
    "node_modules/@aws-cdk/aws-efs": {
      "version": "1.203.0",
      "resolved": "https://registry.npmjs.org/@aws-cdk/aws-efs/-/aws-efs-1.203.0.tgz",
      "integrity": "sha512-JYy8N7GwKCXjFpsBZZqy9VbS/zJGDSq8etXAvBsrscDveDzzQr4/6CiXYU70aL5lLV34ex07A5lKBmII9cqq0Q==",
      "license": "Apache-2.0",
      "dependencies": {
        "@aws-cdk/aws-ec2": "1.203.0",
        "@aws-cdk/aws-iam": "1.203.0",
        "@aws-cdk/aws-kms": "1.203.0",
        "@aws-cdk/cloud-assembly-schema": "1.203.0",
        "@aws-cdk/core": "1.203.0",
        "@aws-cdk/cx-api": "1.203.0",
        "constructs": "^3.3.69"
      },
      "engines": {
        "node": ">= 14.15.0"
      },
      "peerDependencies": {
        "@aws-cdk/aws-ec2": "1.203.0",
        "@aws-cdk/aws-iam": "1.203.0",
        "@aws-cdk/aws-kms": "1.203.0",
        "@aws-cdk/cloud-assembly-schema": "1.203.0",
        "@aws-cdk/core": "1.203.0",
        "@aws-cdk/cx-api": "1.203.0",
        "constructs": "^3.3.69"
      }
    },
    "node_modules/@aws-cdk/aws-efs/node_modules/constructs": {
      "version": "3.4.344",
      "resolved": "https://registry.npmjs.org/constructs/-/constructs-3.4.344.tgz",
      "integrity": "sha512-Qq3upn44oGdvgasHUKWVFsrynyYrtVRd9fd8ko9cJOrFzx9eCm3iI4bhBryQqaISdausbTYUOXmoEe/YSJ16Nw==",
      "license": "Apache-2.0",
      "engines": {
        "node": ">= 16.14.0"
      }
    },
    "node_modules/@aws-cdk/aws-events": {
      "version": "1.203.0",
      "resolved": "https://registry.npmjs.org/@aws-cdk/aws-events/-/aws-events-1.203.0.tgz",
      "integrity": "sha512-LYjKGqqosXG3HLAmvSAS/N5OSxH0uqHmDlisapwl4kEBPfSOvzzVF9TTuMulDYfSBV0Esspb3RIkXc/ja7f9JQ==",
      "license": "Apache-2.0",
      "dependencies": {
        "@aws-cdk/aws-iam": "1.203.0",
        "@aws-cdk/core": "1.203.0",
        "constructs": "^3.3.69"
      },
      "engines": {
        "node": ">= 14.15.0"
      },
      "peerDependencies": {
        "@aws-cdk/aws-iam": "1.203.0",
        "@aws-cdk/core": "1.203.0",
        "constructs": "^3.3.69"
      }
    },
    "node_modules/@aws-cdk/aws-events/node_modules/constructs": {
      "version": "3.4.344",
      "resolved": "https://registry.npmjs.org/constructs/-/constructs-3.4.344.tgz",
      "integrity": "sha512-Qq3upn44oGdvgasHUKWVFsrynyYrtVRd9fd8ko9cJOrFzx9eCm3iI4bhBryQqaISdausbTYUOXmoEe/YSJ16Nw==",
      "license": "Apache-2.0",
      "engines": {
        "node": ">= 16.14.0"
      }
    },
    "node_modules/@aws-cdk/aws-iam": {
      "version": "1.203.0",
      "resolved": "https://registry.npmjs.org/@aws-cdk/aws-iam/-/aws-iam-1.203.0.tgz",
      "integrity": "sha512-8qXLtOzkaLlk7WlssocExMYruOb59irhspTvHvf/kpcMBmWQoyNRC80Ab3QtXkZNBppfrMkROGZvqzW2GlxAwQ==",
      "license": "Apache-2.0",
      "dependencies": {
        "@aws-cdk/core": "1.203.0",
        "@aws-cdk/cx-api": "1.203.0",
        "@aws-cdk/region-info": "1.203.0",
        "constructs": "^3.3.69"
      },
      "engines": {
        "node": ">= 14.15.0"
      },
      "peerDependencies": {
        "@aws-cdk/core": "1.203.0",
        "@aws-cdk/region-info": "1.203.0",
        "constructs": "^3.3.69"
      }
    },
    "node_modules/@aws-cdk/aws-iam/node_modules/constructs": {
      "version": "3.4.344",
      "resolved": "https://registry.npmjs.org/constructs/-/constructs-3.4.344.tgz",
      "integrity": "sha512-Qq3upn44oGdvgasHUKWVFsrynyYrtVRd9fd8ko9cJOrFzx9eCm3iI4bhBryQqaISdausbTYUOXmoEe/YSJ16Nw==",
      "license": "Apache-2.0",
      "engines": {
        "node": ">= 16.14.0"
      }
    },
    "node_modules/@aws-cdk/aws-kinesis": {
      "version": "1.203.0",
      "resolved": "https://registry.npmjs.org/@aws-cdk/aws-kinesis/-/aws-kinesis-1.203.0.tgz",
      "integrity": "sha512-gnjtXnOtjeki9goX076d8kQs7dJ632cc6lIDqjcdMkUMCsT5f9zm0Wxuir2hqPjU+JiS7xOYb1LKYAgbqLUlqg==",
      "license": "Apache-2.0",
      "dependencies": {
        "@aws-cdk/aws-cloudwatch": "1.203.0",
        "@aws-cdk/aws-iam": "1.203.0",
        "@aws-cdk/aws-kms": "1.203.0",
        "@aws-cdk/aws-logs": "1.203.0",
        "@aws-cdk/core": "1.203.0",
        "constructs": "^3.3.69"
      },
      "engines": {
        "node": ">= 14.15.0"
      },
      "peerDependencies": {
        "@aws-cdk/aws-cloudwatch": "1.203.0",
        "@aws-cdk/aws-iam": "1.203.0",
        "@aws-cdk/aws-kms": "1.203.0",
        "@aws-cdk/aws-logs": "1.203.0",
        "@aws-cdk/core": "1.203.0",
        "constructs": "^3.3.69"
      }
    },
    "node_modules/@aws-cdk/aws-kinesis/node_modules/constructs": {
      "version": "3.4.344",
      "resolved": "https://registry.npmjs.org/constructs/-/constructs-3.4.344.tgz",
      "integrity": "sha512-Qq3upn44oGdvgasHUKWVFsrynyYrtVRd9fd8ko9cJOrFzx9eCm3iI4bhBryQqaISdausbTYUOXmoEe/YSJ16Nw==",
      "license": "Apache-2.0",
      "engines": {
        "node": ">= 16.14.0"
      }
    },
    "node_modules/@aws-cdk/aws-kms": {
      "version": "1.203.0",
      "resolved": "https://registry.npmjs.org/@aws-cdk/aws-kms/-/aws-kms-1.203.0.tgz",
      "integrity": "sha512-TlG5Td7pRrgo5xta0ePIp6x6+4uq0P+1K3tQtpjEFbD2E21krujXdWNdHmuvRoNsY5NbLhOCF5g6PNCdJdvLJA==",
      "license": "Apache-2.0",
      "dependencies": {
        "@aws-cdk/aws-iam": "1.203.0",
        "@aws-cdk/cloud-assembly-schema": "1.203.0",
        "@aws-cdk/core": "1.203.0",
        "@aws-cdk/cx-api": "1.203.0",
        "constructs": "^3.3.69"
      },
      "engines": {
        "node": ">= 14.15.0"
      },
      "peerDependencies": {
        "@aws-cdk/aws-iam": "1.203.0",
        "@aws-cdk/cloud-assembly-schema": "1.203.0",
        "@aws-cdk/core": "1.203.0",
        "@aws-cdk/cx-api": "1.203.0",
        "constructs": "^3.3.69"
      }
    },
    "node_modules/@aws-cdk/aws-kms/node_modules/constructs": {
      "version": "3.4.344",
      "resolved": "https://registry.npmjs.org/constructs/-/constructs-3.4.344.tgz",
      "integrity": "sha512-Qq3upn44oGdvgasHUKWVFsrynyYrtVRd9fd8ko9cJOrFzx9eCm3iI4bhBryQqaISdausbTYUOXmoEe/YSJ16Nw==",
      "license": "Apache-2.0",
      "engines": {
        "node": ">= 16.14.0"
      }
    },
    "node_modules/@aws-cdk/aws-lambda": {
      "version": "1.203.0",
      "resolved": "https://registry.npmjs.org/@aws-cdk/aws-lambda/-/aws-lambda-1.203.0.tgz",
      "integrity": "sha512-O88yvNpxi4tcizHhwRkGfEBg+WDoagxgwr2TUNFWkKQVEaL/by9BeZk84LNXLC6OO5WrnC+0qgSz1KHyDXMrqw==",
      "license": "Apache-2.0",
      "dependencies": {
        "@aws-cdk/aws-applicationautoscaling": "1.203.0",
        "@aws-cdk/aws-cloudwatch": "1.203.0",
        "@aws-cdk/aws-codeguruprofiler": "1.203.0",
        "@aws-cdk/aws-ec2": "1.203.0",
        "@aws-cdk/aws-ecr": "1.203.0",
        "@aws-cdk/aws-ecr-assets": "1.203.0",
        "@aws-cdk/aws-efs": "1.203.0",
        "@aws-cdk/aws-events": "1.203.0",
        "@aws-cdk/aws-iam": "1.203.0",
        "@aws-cdk/aws-kms": "1.203.0",
        "@aws-cdk/aws-logs": "1.203.0",
        "@aws-cdk/aws-s3": "1.203.0",
        "@aws-cdk/aws-s3-assets": "1.203.0",
        "@aws-cdk/aws-signer": "1.203.0",
        "@aws-cdk/aws-sns": "1.203.0",
        "@aws-cdk/aws-sqs": "1.203.0",
        "@aws-cdk/core": "1.203.0",
        "@aws-cdk/cx-api": "1.203.0",
        "@aws-cdk/region-info": "1.203.0",
        "constructs": "^3.3.69"
      },
      "engines": {
        "node": ">= 14.15.0"
      },
      "peerDependencies": {
        "@aws-cdk/aws-applicationautoscaling": "1.203.0",
        "@aws-cdk/aws-cloudwatch": "1.203.0",
        "@aws-cdk/aws-codeguruprofiler": "1.203.0",
        "@aws-cdk/aws-ec2": "1.203.0",
        "@aws-cdk/aws-ecr": "1.203.0",
        "@aws-cdk/aws-ecr-assets": "1.203.0",
        "@aws-cdk/aws-efs": "1.203.0",
        "@aws-cdk/aws-events": "1.203.0",
        "@aws-cdk/aws-iam": "1.203.0",
        "@aws-cdk/aws-kms": "1.203.0",
        "@aws-cdk/aws-logs": "1.203.0",
        "@aws-cdk/aws-s3": "1.203.0",
        "@aws-cdk/aws-s3-assets": "1.203.0",
        "@aws-cdk/aws-signer": "1.203.0",
        "@aws-cdk/aws-sns": "1.203.0",
        "@aws-cdk/aws-sqs": "1.203.0",
        "@aws-cdk/core": "1.203.0",
        "@aws-cdk/cx-api": "1.203.0",
        "@aws-cdk/region-info": "1.203.0",
        "constructs": "^3.3.69"
      }
    },
    "node_modules/@aws-cdk/aws-lambda/node_modules/constructs": {
      "version": "3.4.344",
      "resolved": "https://registry.npmjs.org/constructs/-/constructs-3.4.344.tgz",
      "integrity": "sha512-Qq3upn44oGdvgasHUKWVFsrynyYrtVRd9fd8ko9cJOrFzx9eCm3iI4bhBryQqaISdausbTYUOXmoEe/YSJ16Nw==",
      "license": "Apache-2.0",
      "engines": {
        "node": ">= 16.14.0"
      }
    },
    "node_modules/@aws-cdk/aws-location": {
      "version": "1.203.0",
      "resolved": "https://registry.npmjs.org/@aws-cdk/aws-location/-/aws-location-1.203.0.tgz",
      "integrity": "sha512-nVjZbb6jLYjRQDtX64x9J27E7dih6nqfh7AUaNHRawXEDDd1QnNka1cphmzzB/ChoYINs39Aui/DF57/SsVqMw==",
      "license": "Apache-2.0",
      "dependencies": {
        "@aws-cdk/core": "1.203.0"
      },
      "engines": {
        "node": ">= 14.15.0"
      },
      "peerDependencies": {
        "@aws-cdk/core": "1.203.0"
      }
    },
    "node_modules/@aws-cdk/aws-logs": {
      "version": "1.203.0",
      "resolved": "https://registry.npmjs.org/@aws-cdk/aws-logs/-/aws-logs-1.203.0.tgz",
      "integrity": "sha512-I5/0+NuPdTRSq0cK8W1w8hHyGGj4mqTXFou0sHed3BUN4zYim2cB88uosOVMOhkpGRr19+FEwEThvyntRLcTOQ==",
      "license": "Apache-2.0",
      "dependencies": {
        "@aws-cdk/aws-cloudwatch": "1.203.0",
        "@aws-cdk/aws-iam": "1.203.0",
        "@aws-cdk/aws-kms": "1.203.0",
        "@aws-cdk/aws-s3-assets": "1.203.0",
        "@aws-cdk/core": "1.203.0",
        "@aws-cdk/cx-api": "1.203.0",
        "constructs": "^3.3.69"
      },
      "engines": {
        "node": ">= 14.15.0"
      },
      "peerDependencies": {
        "@aws-cdk/aws-cloudwatch": "1.203.0",
        "@aws-cdk/aws-iam": "1.203.0",
        "@aws-cdk/aws-kms": "1.203.0",
        "@aws-cdk/aws-s3-assets": "1.203.0",
        "@aws-cdk/core": "1.203.0",
        "@aws-cdk/cx-api": "1.203.0",
        "constructs": "^3.3.69"
      }
    },
    "node_modules/@aws-cdk/aws-logs/node_modules/constructs": {
      "version": "3.4.344",
      "resolved": "https://registry.npmjs.org/constructs/-/constructs-3.4.344.tgz",
      "integrity": "sha512-Qq3upn44oGdvgasHUKWVFsrynyYrtVRd9fd8ko9cJOrFzx9eCm3iI4bhBryQqaISdausbTYUOXmoEe/YSJ16Nw==",
      "license": "Apache-2.0",
      "engines": {
        "node": ">= 16.14.0"
      }
    },
    "node_modules/@aws-cdk/aws-s3": {
      "version": "1.203.0",
      "resolved": "https://registry.npmjs.org/@aws-cdk/aws-s3/-/aws-s3-1.203.0.tgz",
      "integrity": "sha512-xPxCv7l6zh7nGoFwLNzHmP07ULtWx/ubDE6l2ZqkRF4ZHVWoyTk7zVs4Q+BmRM1mUn0yDHyMTKKf887lQu9eVg==",
      "license": "Apache-2.0",
      "dependencies": {
        "@aws-cdk/aws-events": "1.203.0",
        "@aws-cdk/aws-iam": "1.203.0",
        "@aws-cdk/aws-kms": "1.203.0",
        "@aws-cdk/core": "1.203.0",
        "@aws-cdk/cx-api": "1.203.0",
        "constructs": "^3.3.69"
      },
      "engines": {
        "node": ">= 14.15.0"
      },
      "peerDependencies": {
        "@aws-cdk/aws-events": "1.203.0",
        "@aws-cdk/aws-iam": "1.203.0",
        "@aws-cdk/aws-kms": "1.203.0",
        "@aws-cdk/core": "1.203.0",
        "@aws-cdk/cx-api": "1.203.0",
        "constructs": "^3.3.69"
      }
    },
    "node_modules/@aws-cdk/aws-s3-assets": {
      "version": "1.203.0",
      "resolved": "https://registry.npmjs.org/@aws-cdk/aws-s3-assets/-/aws-s3-assets-1.203.0.tgz",
      "integrity": "sha512-BXvIWRdHmwNkpDbQXsB0hZWGJ3szB264Dq14CzWu6+6J8beaUNrT+1/z1mglr6S3UraHMsOhhSO48zT9k+MzhA==",
      "license": "Apache-2.0",
      "dependencies": {
        "@aws-cdk/assets": "1.203.0",
        "@aws-cdk/aws-iam": "1.203.0",
        "@aws-cdk/aws-kms": "1.203.0",
        "@aws-cdk/aws-s3": "1.203.0",
        "@aws-cdk/core": "1.203.0",
        "@aws-cdk/cx-api": "1.203.0",
        "constructs": "^3.3.69"
      },
      "engines": {
        "node": ">= 14.15.0"
      },
      "peerDependencies": {
        "@aws-cdk/assets": "1.203.0",
        "@aws-cdk/aws-iam": "1.203.0",
        "@aws-cdk/aws-kms": "1.203.0",
        "@aws-cdk/aws-s3": "1.203.0",
        "@aws-cdk/core": "1.203.0",
        "@aws-cdk/cx-api": "1.203.0",
        "constructs": "^3.3.69"
      }
    },
    "node_modules/@aws-cdk/aws-s3-assets/node_modules/constructs": {
      "version": "3.4.344",
      "resolved": "https://registry.npmjs.org/constructs/-/constructs-3.4.344.tgz",
      "integrity": "sha512-Qq3upn44oGdvgasHUKWVFsrynyYrtVRd9fd8ko9cJOrFzx9eCm3iI4bhBryQqaISdausbTYUOXmoEe/YSJ16Nw==",
      "license": "Apache-2.0",
      "engines": {
        "node": ">= 16.14.0"
      }
    },
    "node_modules/@aws-cdk/aws-s3/node_modules/constructs": {
      "version": "3.4.344",
      "resolved": "https://registry.npmjs.org/constructs/-/constructs-3.4.344.tgz",
      "integrity": "sha512-Qq3upn44oGdvgasHUKWVFsrynyYrtVRd9fd8ko9cJOrFzx9eCm3iI4bhBryQqaISdausbTYUOXmoEe/YSJ16Nw==",
      "license": "Apache-2.0",
      "engines": {
        "node": ">= 16.14.0"
      }
    },
    "node_modules/@aws-cdk/aws-signer": {
      "version": "1.203.0",
      "resolved": "https://registry.npmjs.org/@aws-cdk/aws-signer/-/aws-signer-1.203.0.tgz",
      "integrity": "sha512-czHs8DIIA2wxYW2iFTEWAVydFURMvyZO+rtv7V4LXV9G18qRdBVxyx7VU2Lhr8nd5sg+uPV4Vonjt8OvUfO12A==",
      "license": "Apache-2.0",
      "dependencies": {
        "@aws-cdk/core": "1.203.0",
        "constructs": "^3.3.69"
      },
      "engines": {
        "node": ">= 14.15.0"
      },
      "peerDependencies": {
        "@aws-cdk/core": "1.203.0",
        "constructs": "^3.3.69"
      }
    },
    "node_modules/@aws-cdk/aws-signer/node_modules/constructs": {
      "version": "3.4.344",
      "resolved": "https://registry.npmjs.org/constructs/-/constructs-3.4.344.tgz",
      "integrity": "sha512-Qq3upn44oGdvgasHUKWVFsrynyYrtVRd9fd8ko9cJOrFzx9eCm3iI4bhBryQqaISdausbTYUOXmoEe/YSJ16Nw==",
      "license": "Apache-2.0",
      "engines": {
        "node": ">= 16.14.0"
      }
    },
    "node_modules/@aws-cdk/aws-sns": {
      "version": "1.203.0",
      "resolved": "https://registry.npmjs.org/@aws-cdk/aws-sns/-/aws-sns-1.203.0.tgz",
      "integrity": "sha512-9HBgItNq7zM+ElEUEnomHjAgYsZWOjHaafv1x+Gbk/UH4xKzoM7t6kdlRa0qCVeyWhaClGCyRAJtOP42UiGmSg==",
      "license": "Apache-2.0",
      "dependencies": {
        "@aws-cdk/aws-cloudwatch": "1.203.0",
        "@aws-cdk/aws-codestarnotifications": "1.203.0",
        "@aws-cdk/aws-events": "1.203.0",
        "@aws-cdk/aws-iam": "1.203.0",
        "@aws-cdk/aws-kms": "1.203.0",
        "@aws-cdk/aws-sqs": "1.203.0",
        "@aws-cdk/core": "1.203.0",
        "constructs": "^3.3.69"
      },
      "engines": {
        "node": ">= 14.15.0"
      },
      "peerDependencies": {
        "@aws-cdk/aws-cloudwatch": "1.203.0",
        "@aws-cdk/aws-codestarnotifications": "1.203.0",
        "@aws-cdk/aws-events": "1.203.0",
        "@aws-cdk/aws-iam": "1.203.0",
        "@aws-cdk/aws-kms": "1.203.0",
        "@aws-cdk/aws-sqs": "1.203.0",
        "@aws-cdk/core": "1.203.0",
        "constructs": "^3.3.69"
      }
    },
    "node_modules/@aws-cdk/aws-sns/node_modules/constructs": {
      "version": "3.4.344",
      "resolved": "https://registry.npmjs.org/constructs/-/constructs-3.4.344.tgz",
      "integrity": "sha512-Qq3upn44oGdvgasHUKWVFsrynyYrtVRd9fd8ko9cJOrFzx9eCm3iI4bhBryQqaISdausbTYUOXmoEe/YSJ16Nw==",
      "license": "Apache-2.0",
      "engines": {
        "node": ">= 16.14.0"
      }
    },
    "node_modules/@aws-cdk/aws-sqs": {
      "version": "1.203.0",
      "resolved": "https://registry.npmjs.org/@aws-cdk/aws-sqs/-/aws-sqs-1.203.0.tgz",
      "integrity": "sha512-GDSWc/O9HcxjP4pbCYuZjqE2GXymzvv6rM8Q17NtERACpUMf/eAuNITLCulE1Y6ufE9A9/lgkT96I3QLd9HBNw==",
      "license": "Apache-2.0",
      "dependencies": {
        "@aws-cdk/aws-cloudwatch": "1.203.0",
        "@aws-cdk/aws-iam": "1.203.0",
        "@aws-cdk/aws-kms": "1.203.0",
        "@aws-cdk/core": "1.203.0",
        "constructs": "^3.3.69"
      },
      "engines": {
        "node": ">= 14.15.0"
      },
      "peerDependencies": {
        "@aws-cdk/aws-cloudwatch": "1.203.0",
        "@aws-cdk/aws-iam": "1.203.0",
        "@aws-cdk/aws-kms": "1.203.0",
        "@aws-cdk/core": "1.203.0",
        "constructs": "^3.3.69"
      }
    },
    "node_modules/@aws-cdk/aws-sqs/node_modules/constructs": {
      "version": "3.4.344",
      "resolved": "https://registry.npmjs.org/constructs/-/constructs-3.4.344.tgz",
      "integrity": "sha512-Qq3upn44oGdvgasHUKWVFsrynyYrtVRd9fd8ko9cJOrFzx9eCm3iI4bhBryQqaISdausbTYUOXmoEe/YSJ16Nw==",
      "license": "Apache-2.0",
      "engines": {
        "node": ">= 16.14.0"
      }
    },
    "node_modules/@aws-cdk/aws-ssm": {
      "version": "1.203.0",
      "resolved": "https://registry.npmjs.org/@aws-cdk/aws-ssm/-/aws-ssm-1.203.0.tgz",
      "integrity": "sha512-zR/eLVPO+O3MMbnMgWSLybrj7VxIt1d90QPHPZMV92hYdzWDKBfVZ09P82muNILRF+SMcK7TrFLCDi5Nos0S2g==",
      "license": "Apache-2.0",
      "dependencies": {
        "@aws-cdk/aws-iam": "1.203.0",
        "@aws-cdk/aws-kms": "1.203.0",
        "@aws-cdk/cloud-assembly-schema": "1.203.0",
        "@aws-cdk/core": "1.203.0",
        "constructs": "^3.3.69"
      },
      "engines": {
        "node": ">= 14.15.0"
      },
      "peerDependencies": {
        "@aws-cdk/aws-iam": "1.203.0",
        "@aws-cdk/aws-kms": "1.203.0",
        "@aws-cdk/cloud-assembly-schema": "1.203.0",
        "@aws-cdk/core": "1.203.0",
        "constructs": "^3.3.69"
      }
    },
    "node_modules/@aws-cdk/aws-ssm/node_modules/constructs": {
      "version": "3.4.344",
      "resolved": "https://registry.npmjs.org/constructs/-/constructs-3.4.344.tgz",
      "integrity": "sha512-Qq3upn44oGdvgasHUKWVFsrynyYrtVRd9fd8ko9cJOrFzx9eCm3iI4bhBryQqaISdausbTYUOXmoEe/YSJ16Nw==",
      "license": "Apache-2.0",
      "engines": {
        "node": ">= 16.14.0"
      }
    },
    "node_modules/@aws-cdk/cloud-assembly-schema": {
      "version": "1.203.0",
      "resolved": "https://registry.npmjs.org/@aws-cdk/cloud-assembly-schema/-/cloud-assembly-schema-1.203.0.tgz",
      "integrity": "sha512-r252InZ8Oh7q7ztriaA3n6F48QOFVfNcT/KO4XOlYyt1xDWRMENDYf+D+DVr6O5klcaa3ivvvDT7DRuW3xdVOQ==",
      "bundleDependencies": [
        "jsonschema",
        "semver"
      ],
      "license": "Apache-2.0",
      "dependencies": {
        "jsonschema": "^1.4.1",
        "semver": "^7.3.8"
      },
      "engines": {
        "node": ">= 14.15.0"
      }
    },
    "node_modules/@aws-cdk/cloud-assembly-schema/node_modules/jsonschema": {
      "version": "1.4.1",
      "inBundle": true,
      "license": "MIT",
      "engines": {
        "node": "*"
      }
    },
    "node_modules/@aws-cdk/cloud-assembly-schema/node_modules/lru-cache": {
      "version": "6.0.0",
      "inBundle": true,
      "license": "ISC",
      "dependencies": {
        "yallist": "^4.0.0"
      },
      "engines": {
        "node": ">=10"
      }
    },
    "node_modules/@aws-cdk/cloud-assembly-schema/node_modules/semver": {
      "version": "7.3.8",
      "inBundle": true,
      "license": "ISC",
      "dependencies": {
        "lru-cache": "^6.0.0"
      },
      "bin": {
        "semver": "bin/semver.js"
      },
      "engines": {
        "node": ">=10"
      }
    },
    "node_modules/@aws-cdk/cloud-assembly-schema/node_modules/yallist": {
      "version": "4.0.0",
      "inBundle": true,
      "license": "ISC"
    },
    "node_modules/@aws-cdk/core": {
      "version": "1.203.0",
      "resolved": "https://registry.npmjs.org/@aws-cdk/core/-/core-1.203.0.tgz",
      "integrity": "sha512-3/quPwnGWKHm/Bzna/du5WP5a/Wp/NYqDyL1rJ1A3EPpsRQYywJPj77+M8nG5sD5qNIoFbhN7Q5aee+bcS7GGA==",
      "bundleDependencies": [
        "fs-extra",
        "minimatch",
        "@balena/dockerignore",
        "ignore"
      ],
      "license": "Apache-2.0",
      "dependencies": {
        "@aws-cdk/cloud-assembly-schema": "1.203.0",
        "@aws-cdk/cx-api": "1.203.0",
        "@aws-cdk/region-info": "1.203.0",
        "@balena/dockerignore": "^1.0.2",
        "constructs": "^3.3.69",
        "fs-extra": "^9.1.0",
        "ignore": "^5.2.4",
        "minimatch": "^3.1.2"
      },
      "engines": {
        "node": ">= 14.15.0"
      },
      "peerDependencies": {
        "@aws-cdk/cloud-assembly-schema": "1.203.0",
        "@aws-cdk/cx-api": "1.203.0",
        "@aws-cdk/region-info": "1.203.0",
        "constructs": "^3.3.69"
      }
    },
    "node_modules/@aws-cdk/core/node_modules/@balena/dockerignore": {
      "version": "1.0.2",
      "inBundle": true,
      "license": "Apache-2.0"
    },
    "node_modules/@aws-cdk/core/node_modules/at-least-node": {
      "version": "1.0.0",
      "inBundle": true,
      "license": "ISC",
      "engines": {
        "node": ">= 4.0.0"
      }
    },
    "node_modules/@aws-cdk/core/node_modules/balanced-match": {
      "version": "1.0.2",
      "inBundle": true,
      "license": "MIT"
    },
    "node_modules/@aws-cdk/core/node_modules/brace-expansion": {
      "version": "1.1.11",
      "inBundle": true,
      "license": "MIT",
      "dependencies": {
        "balanced-match": "^1.0.0",
        "concat-map": "0.0.1"
      }
    },
    "node_modules/@aws-cdk/core/node_modules/concat-map": {
      "version": "0.0.1",
      "inBundle": true,
      "license": "MIT"
    },
    "node_modules/@aws-cdk/core/node_modules/constructs": {
      "version": "3.4.344",
      "resolved": "https://registry.npmjs.org/constructs/-/constructs-3.4.344.tgz",
      "integrity": "sha512-Qq3upn44oGdvgasHUKWVFsrynyYrtVRd9fd8ko9cJOrFzx9eCm3iI4bhBryQqaISdausbTYUOXmoEe/YSJ16Nw==",
      "license": "Apache-2.0",
      "engines": {
        "node": ">= 16.14.0"
      }
    },
    "node_modules/@aws-cdk/core/node_modules/fs-extra": {
      "version": "9.1.0",
      "inBundle": true,
      "license": "MIT",
      "dependencies": {
        "at-least-node": "^1.0.0",
        "graceful-fs": "^4.2.0",
        "jsonfile": "^6.0.1",
        "universalify": "^2.0.0"
      },
      "engines": {
        "node": ">=10"
      }
    },
    "node_modules/@aws-cdk/core/node_modules/graceful-fs": {
      "version": "4.2.10",
      "inBundle": true,
      "license": "ISC"
    },
    "node_modules/@aws-cdk/core/node_modules/ignore": {
      "version": "5.2.4",
      "inBundle": true,
      "license": "MIT",
      "engines": {
        "node": ">= 4"
      }
    },
    "node_modules/@aws-cdk/core/node_modules/jsonfile": {
      "version": "6.1.0",
      "inBundle": true,
      "license": "MIT",
      "dependencies": {
        "universalify": "^2.0.0"
      },
      "optionalDependencies": {
        "graceful-fs": "^4.1.6"
      }
    },
    "node_modules/@aws-cdk/core/node_modules/minimatch": {
      "version": "3.1.2",
      "inBundle": true,
      "license": "ISC",
      "dependencies": {
        "brace-expansion": "^1.1.7"
      },
      "engines": {
        "node": "*"
      }
    },
    "node_modules/@aws-cdk/core/node_modules/universalify": {
      "version": "2.0.0",
      "inBundle": true,
      "license": "MIT",
      "engines": {
        "node": ">= 10.0.0"
      }
    },
    "node_modules/@aws-cdk/custom-resources": {
      "version": "1.203.0",
      "resolved": "https://registry.npmjs.org/@aws-cdk/custom-resources/-/custom-resources-1.203.0.tgz",
      "integrity": "sha512-JpUH3d5gG/2MrWCbnFC96FgRGUqcecY84xZHsfTKUlPQ2bUzElHih2tvbR21DQ5ZIKvFznol3DheduDSD/TgpQ==",
      "license": "Apache-2.0",
      "dependencies": {
        "@aws-cdk/aws-cloudformation": "1.203.0",
        "@aws-cdk/aws-ec2": "1.203.0",
        "@aws-cdk/aws-iam": "1.203.0",
        "@aws-cdk/aws-lambda": "1.203.0",
        "@aws-cdk/aws-logs": "1.203.0",
        "@aws-cdk/aws-sns": "1.203.0",
        "@aws-cdk/core": "1.203.0",
        "constructs": "^3.3.69"
      },
      "engines": {
        "node": ">= 14.15.0"
      },
      "peerDependencies": {
        "@aws-cdk/aws-cloudformation": "1.203.0",
        "@aws-cdk/aws-ec2": "1.203.0",
        "@aws-cdk/aws-iam": "1.203.0",
        "@aws-cdk/aws-lambda": "1.203.0",
        "@aws-cdk/aws-logs": "1.203.0",
        "@aws-cdk/aws-sns": "1.203.0",
        "@aws-cdk/core": "1.203.0",
        "constructs": "^3.3.69"
      }
    },
    "node_modules/@aws-cdk/custom-resources/node_modules/constructs": {
      "version": "3.4.344",
      "resolved": "https://registry.npmjs.org/constructs/-/constructs-3.4.344.tgz",
      "integrity": "sha512-Qq3upn44oGdvgasHUKWVFsrynyYrtVRd9fd8ko9cJOrFzx9eCm3iI4bhBryQqaISdausbTYUOXmoEe/YSJ16Nw==",
      "license": "Apache-2.0",
      "engines": {
        "node": ">= 16.14.0"
      }
    },
    "node_modules/@aws-cdk/cx-api": {
      "version": "1.203.0",
      "resolved": "https://registry.npmjs.org/@aws-cdk/cx-api/-/cx-api-1.203.0.tgz",
      "integrity": "sha512-W2flnJFGytifPw2ojEsh9l8MAI4UANaUcMKr+qt4eJmFwrtVcS7nasdJQGSatQdxkAwd2pX4x10brAHYoAqjjQ==",
      "bundleDependencies": [
        "semver"
      ],
      "license": "Apache-2.0",
      "dependencies": {
        "@aws-cdk/cloud-assembly-schema": "1.203.0",
        "semver": "^7.3.8"
      },
      "engines": {
        "node": ">= 14.15.0"
      },
      "peerDependencies": {
        "@aws-cdk/cloud-assembly-schema": "1.203.0"
      }
    },
    "node_modules/@aws-cdk/cx-api/node_modules/lru-cache": {
      "version": "6.0.0",
      "inBundle": true,
      "license": "ISC",
      "dependencies": {
        "yallist": "^4.0.0"
      },
      "engines": {
        "node": ">=10"
      }
    },
    "node_modules/@aws-cdk/cx-api/node_modules/semver": {
      "version": "7.3.8",
      "inBundle": true,
      "license": "ISC",
      "dependencies": {
        "lru-cache": "^6.0.0"
      },
      "bin": {
        "semver": "bin/semver.js"
      },
      "engines": {
        "node": ">=10"
      }
    },
    "node_modules/@aws-cdk/cx-api/node_modules/yallist": {
      "version": "4.0.0",
      "inBundle": true,
      "license": "ISC"
    },
    "node_modules/@aws-cdk/region-info": {
      "version": "1.203.0",
      "resolved": "https://registry.npmjs.org/@aws-cdk/region-info/-/region-info-1.203.0.tgz",
      "integrity": "sha512-3GzFYrdUO2NGcOrlIJ1TvjRxB0/ntBEyQgwFtVJQSvt3msCznE/w1n6pZS+oDF12NWtIPFbsJ5zTGdJ+PLMJhg==",
      "license": "Apache-2.0",
      "engines": {
        "node": ">= 14.15.0"
      }
    },
    "node_modules/constructs": {
      "version": "10.3.0",
      "resolved": "https://registry.npmjs.org/constructs/-/constructs-10.3.0.tgz",
      "integrity": "sha512-vbK8i3rIb/xwZxSpTjz3SagHn1qq9BChLEfy5Hf6fB3/2eFbrwt2n9kHwQcS0CPTRBesreeAcsJfMq2229FnbQ==",
      "license": "Apache-2.0",
      "engines": {
        "node": ">= 16.14.0"
      }
    },
    "node_modules/inherits": {
      "version": "2.0.3",
      "resolved": "https://registry.npmjs.org/inherits/-/inherits-2.0.3.tgz",
      "integrity": "sha512-x00IRNXNy63jwGkJmzPigoySHbaqpNuzKbBOmzK+g2OdZpQ9w+sxCN+VSB3ja7IAge2OP2qpfxTjeNcyjmW1uw==",
      "license": "ISC"
    },
    "node_modules/path": {
      "version": "0.12.7",
      "resolved": "https://registry.npmjs.org/path/-/path-0.12.7.tgz",
      "integrity": "sha512-aXXC6s+1w7otVF9UletFkFcDsJeO7lSZBPUQhtb5O0xJe8LtYhj/GxldoL09bBj9+ZmE2hNoHqQSFMN5fikh4Q==",
      "license": "MIT",
      "dependencies": {
        "process": "^0.11.1",
        "util": "^0.10.3"
      }
    },
    "node_modules/process": {
      "version": "0.11.10",
      "resolved": "https://registry.npmjs.org/process/-/process-0.11.10.tgz",
      "integrity": "sha512-cdGef/drWFoydD1JsMzuFf8100nZl+GT+yacc2bEced5f9Rjk4z+WtFUTBu9PhOi9j/jfmBPu0mMEY4wIdAF8A==",
      "license": "MIT",
      "engines": {
        "node": ">= 0.6.0"
      }
    },
    "node_modules/util": {
      "version": "0.10.4",
      "resolved": "https://registry.npmjs.org/util/-/util-0.10.4.tgz",
      "integrity": "sha512-0Pm9hTQ3se5ll1XihRic3FDIku70C+iHUdT/W926rSgHV5QgXsYbKZN8MSC3tJtSkhuROzvsQjAaFENRXr+19A==",
      "license": "MIT",
      "dependencies": {
        "inherits": "2.0.3"
      }
    }
  }
}
